// !$*UTF8*$!
{
	archiveVersion = 1;
	classes = {
	};
	objectVersion = 56;
	objects = {

/* Begin PBXBuildFile section */
		2C33E94C2AB79232000959ED /* Pleny_TaskApp.swift in Sources */ = {isa = PBXBuildFile; fileRef = 2C33E94B2AB79232000959ED /* Pleny_TaskApp.swift */; };
		2C33E94E2AB79232000959ED /* ContentView.swift in Sources */ = {isa = PBXBuildFile; fileRef = 2C33E94D2AB79232000959ED /* ContentView.swift */; };
		2C33E9502AB79234000959ED /* Assets.xcassets in Resources */ = {isa = PBXBuildFile; fileRef = 2C33E94F2AB79234000959ED /* Assets.xcassets */; };
		2C33E9532AB79234000959ED /* Preview Assets.xcassets in Resources */ = {isa = PBXBuildFile; fileRef = 2C33E9522AB79234000959ED /* Preview Assets.xcassets */; };
		2C33E95D2AB79234000959ED /* Pleny_TaskTests.swift in Sources */ = {isa = PBXBuildFile; fileRef = 2C33E95C2AB79234000959ED /* Pleny_TaskTests.swift */; };
		2C33E9672AB79234000959ED /* Pleny_TaskUITests.swift in Sources */ = {isa = PBXBuildFile; fileRef = 2C33E9662AB79234000959ED /* Pleny_TaskUITests.swift */; };
		2C33E9692AB79234000959ED /* Pleny_TaskUITestsLaunchTests.swift in Sources */ = {isa = PBXBuildFile; fileRef = 2C33E9682AB79234000959ED /* Pleny_TaskUITestsLaunchTests.swift */; };
/* End PBXBuildFile section */

/* Begin PBXContainerItemProxy section */
		2C33E9592AB79234000959ED /* PBXContainerItemProxy */ = {
			isa = PBXContainerItemProxy;
			containerPortal = 2C33E9402AB79232000959ED /* Project object */;
			proxyType = 1;
			remoteGlobalIDString = 2C33E9472AB79232000959ED;
			remoteInfo = "Pleny-Task";
		};
		2C33E9632AB79234000959ED /* PBXContainerItemProxy */ = {
			isa = PBXContainerItemProxy;
			containerPortal = 2C33E9402AB79232000959ED /* Project object */;
			proxyType = 1;
			remoteGlobalIDString = 2C33E9472AB79232000959ED;
			remoteInfo = "Pleny-Task";
		};
/* End PBXContainerItemProxy section */

/* Begin PBXFileReference section */
		2C33E9482AB79232000959ED /* Pleny-Task.app */ = {isa = PBXFileReference; explicitFileType = wrapper.application; includeInIndex = 0; path = "Pleny-Task.app"; sourceTree = BUILT_PRODUCTS_DIR; };
		2C33E94B2AB79232000959ED /* Pleny_TaskApp.swift */ = {isa = PBXFileReference; lastKnownFileType = sourcecode.swift; path = Pleny_TaskApp.swift; sourceTree = "<group>"; };
		2C33E94D2AB79232000959ED /* ContentView.swift */ = {isa = PBXFileReference; lastKnownFileType = sourcecode.swift; path = ContentView.swift; sourceTree = "<group>"; };
		2C33E94F2AB79234000959ED /* Assets.xcassets */ = {isa = PBXFileReference; lastKnownFileType = folder.assetcatalog; path = Assets.xcassets; sourceTree = "<group>"; };
		2C33E9522AB79234000959ED /* Preview Assets.xcassets */ = {isa = PBXFileReference; lastKnownFileType = folder.assetcatalog; path = "Preview Assets.xcassets"; sourceTree = "<group>"; };
		2C33E9582AB79234000959ED /* Pleny-TaskTests.xctest */ = {isa = PBXFileReference; explicitFileType = wrapper.cfbundle; includeInIndex = 0; path = "Pleny-TaskTests.xctest"; sourceTree = BUILT_PRODUCTS_DIR; };
		2C33E95C2AB79234000959ED /* Pleny_TaskTests.swift */ = {isa = PBXFileReference; lastKnownFileType = sourcecode.swift; path = Pleny_TaskTests.swift; sourceTree = "<group>"; };
		2C33E9622AB79234000959ED /* Pleny-TaskUITests.xctest */ = {isa = PBXFileReference; explicitFileType = wrapper.cfbundle; includeInIndex = 0; path = "Pleny-TaskUITests.xctest"; sourceTree = BUILT_PRODUCTS_DIR; };
		2C33E9662AB79234000959ED /* Pleny_TaskUITests.swift */ = {isa = PBXFileReference; lastKnownFileType = sourcecode.swift; path = Pleny_TaskUITests.swift; sourceTree = "<group>"; };
		2C33E9682AB79234000959ED /* Pleny_TaskUITestsLaunchTests.swift */ = {isa = PBXFileReference; lastKnownFileType = sourcecode.swift; path = Pleny_TaskUITestsLaunchTests.swift; sourceTree = "<group>"; };
/* End PBXFileReference section */

/* Begin PBXFrameworksBuildPhase section */
		2C33E9452AB79232000959ED /* Frameworks */ = {
			isa = PBXFrameworksBuildPhase;
			buildActionMask = 2147483647;
			files = (
			);
			runOnlyForDeploymentPostprocessing = 0;
		};
		2C33E9552AB79234000959ED /* Frameworks */ = {
			isa = PBXFrameworksBuildPhase;
			buildActionMask = 2147483647;
			files = (
			);
			runOnlyForDeploymentPostprocessing = 0;
		};
		2C33E95F2AB79234000959ED /* Frameworks */ = {
			isa = PBXFrameworksBuildPhase;
			buildActionMask = 2147483647;
			files = (
			);
			runOnlyForDeploymentPostprocessing = 0;
		};
/* End PBXFrameworksBuildPhase section */

/* Begin PBXGroup section */
		2C33E93F2AB79232000959ED = {
			isa = PBXGroup;
			children = (
				2C33E94A2AB79232000959ED /* Pleny-Task */,
				2C33E95B2AB79234000959ED /* Pleny-TaskTests */,
				2C33E9652AB79234000959ED /* Pleny-TaskUITests */,
				2C33E9492AB79232000959ED /* Products */,
			);
			sourceTree = "<group>";
		};
		2C33E9492AB79232000959ED /* Products */ = {
			isa = PBXGroup;
			children = (
				2C33E9482AB79232000959ED /* Pleny-Task.app */,
				2C33E9582AB79234000959ED /* Pleny-TaskTests.xctest */,
				2C33E9622AB79234000959ED /* Pleny-TaskUITests.xctest */,
			);
			name = Products;
			sourceTree = "<group>";
		};
		2C33E94A2AB79232000959ED /* Pleny-Task */ = {
			isa = PBXGroup;
			children = (
				2C33E94B2AB79232000959ED /* Pleny_TaskApp.swift */,
				2C33E94D2AB79232000959ED /* ContentView.swift */,
				2C33E94F2AB79234000959ED /* Assets.xcassets */,
				2C33E9512AB79234000959ED /* Preview Content */,
			);
			path = "Pleny-Task";
			sourceTree = "<group>";
		};
		2C33E9512AB79234000959ED /* Preview Content */ = {
			isa = PBXGroup;
			children = (
				2C33E9522AB79234000959ED /* Preview Assets.xcassets */,
			);
			path = "Preview Content";
			sourceTree = "<group>";
		};
		2C33E95B2AB79234000959ED /* Pleny-TaskTests */ = {
			isa = PBXGroup;
			children = (
				2C33E95C2AB79234000959ED /* Pleny_TaskTests.swift */,
			);
			path = "Pleny-TaskTests";
			sourceTree = "<group>";
		};
		2C33E9652AB79234000959ED /* Pleny-TaskUITests */ = {
			isa = PBXGroup;
			children = (
				2C33E9662AB79234000959ED /* Pleny_TaskUITests.swift */,
				2C33E9682AB79234000959ED /* Pleny_TaskUITestsLaunchTests.swift */,
			);
			path = "Pleny-TaskUITests";
			sourceTree = "<group>";
		};
/* End PBXGroup section */

/* Begin PBXNativeTarget section */
		2C33E9472AB79232000959ED /* Pleny-Task */ = {
			isa = PBXNativeTarget;
			buildConfigurationList = 2C33E96C2AB79234000959ED /* Build configuration list for PBXNativeTarget "Pleny-Task" */;
			buildPhases = (
				2C33E9442AB79232000959ED /* Sources */,
				2C33E9452AB79232000959ED /* Frameworks */,
				2C33E9462AB79232000959ED /* Resources */,
			);
			buildRules = (
			);
			dependencies = (
			);
			name = "Pleny-Task";
			productName = "Pleny-Task";
			productReference = 2C33E9482AB79232000959ED /* Pleny-Task.app */;
			productType = "com.apple.product-type.application";
		};
		2C33E9572AB79234000959ED /* Pleny-TaskTests */ = {
			isa = PBXNativeTarget;
			buildConfigurationList = 2C33E96F2AB79234000959ED /* Build configuration list for PBXNativeTarget "Pleny-TaskTests" */;
			buildPhases = (
				2C33E9542AB79234000959ED /* Sources */,
				2C33E9552AB79234000959ED /* Frameworks */,
				2C33E9562AB79234000959ED /* Resources */,
			);
			buildRules = (
			);
			dependencies = (
				2C33E95A2AB79234000959ED /* PBXTargetDependency */,
			);
			name = "Pleny-TaskTests";
			productName = "Pleny-TaskTests";
			productReference = 2C33E9582AB79234000959ED /* Pleny-TaskTests.xctest */;
			productType = "com.apple.product-type.bundle.unit-test";
		};
		2C33E9612AB79234000959ED /* Pleny-TaskUITests */ = {
			isa = PBXNativeTarget;
			buildConfigurationList = 2C33E9722AB79234000959ED /* Build configuration list for PBXNativeTarget "Pleny-TaskUITests" */;
			buildPhases = (
				2C33E95E2AB79234000959ED /* Sources */,
				2C33E95F2AB79234000959ED /* Frameworks */,
				2C33E9602AB79234000959ED /* Resources */,
			);
			buildRules = (
			);
			dependencies = (
				2C33E9642AB79234000959ED /* PBXTargetDependency */,
			);
			name = "Pleny-TaskUITests";
			productName = "Pleny-TaskUITests";
			productReference = 2C33E9622AB79234000959ED /* Pleny-TaskUITests.xctest */;
			productType = "com.apple.product-type.bundle.ui-testing";
		};
/* End PBXNativeTarget section */

/* Begin PBXProject section */
		2C33E9402AB79232000959ED /* Project object */ = {
			isa = PBXProject;
			attributes = {
				BuildIndependentTargetsInParallel = 1;
				LastSwiftUpdateCheck = 1430;
				LastUpgradeCheck = 1430;
				TargetAttributes = {
					2C33E9472AB79232000959ED = {
						CreatedOnToolsVersion = 14.3.1;
					};
					2C33E9572AB79234000959ED = {
						CreatedOnToolsVersion = 14.3.1;
						TestTargetID = 2C33E9472AB79232000959ED;
					};
					2C33E9612AB79234000959ED = {
						CreatedOnToolsVersion = 14.3.1;
						TestTargetID = 2C33E9472AB79232000959ED;
					};
				};
			};
			buildConfigurationList = 2C33E9432AB79232000959ED /* Build configuration list for PBXProject "Pleny-Task" */;
			compatibilityVersion = "Xcode 14.0";
			developmentRegion = en;
			hasScannedForEncodings = 0;
			knownRegions = (
				en,
				Base,
			);
			mainGroup = 2C33E93F2AB79232000959ED;
			productRefGroup = 2C33E9492AB79232000959ED /* Products */;
			projectDirPath = "";
			projectRoot = "";
			targets = (
				2C33E9472AB79232000959ED /* Pleny-Task */,
				2C33E9572AB79234000959ED /* Pleny-TaskTests */,
				2C33E9612AB79234000959ED /* Pleny-TaskUITests */,
			);
		};
/* End PBXProject section */

/* Begin PBXResourcesBuildPhase section */
		2C33E9462AB79232000959ED /* Resources */ = {
			isa = PBXResourcesBuildPhase;
			buildActionMask = 2147483647;
			files = (
				2C33E9532AB79234000959ED /* Preview Assets.xcassets in Resources */,
				2C33E9502AB79234000959ED /* Assets.xcassets in Resources */,
			);
			runOnlyForDeploymentPostprocessing = 0;
		};
		2C33E9562AB79234000959ED /* Resources */ = {
			isa = PBXResourcesBuildPhase;
			buildActionMask = 2147483647;
			files = (
			);
			runOnlyForDeploymentPostprocessing = 0;
		};
		2C33E9602AB79234000959ED /* Resources */ = {
			isa = PBXResourcesBuildPhase;
			buildActionMask = 2147483647;
			files = (
			);
			runOnlyForDeploymentPostprocessing = 0;
		};
/* End PBXResourcesBuildPhase section */

/* Begin PBXSourcesBuildPhase section */
		2C33E9442AB79232000959ED /* Sources */ = {
			isa = PBXSourcesBuildPhase;
			buildActionMask = 2147483647;
			files = (
				2C33E94E2AB79232000959ED /* ContentView.swift in Sources */,
				2C33E94C2AB79232000959ED /* Pleny_TaskApp.swift in Sources */,
			);
			runOnlyForDeploymentPostprocessing = 0;
		};
		2C33E9542AB79234000959ED /* Sources */ = {
			isa = PBXSourcesBuildPhase;
			buildActionMask = 2147483647;
			files = (
				2C33E95D2AB79234000959ED /* Pleny_TaskTests.swift in Sources */,
			);
			runOnlyForDeploymentPostprocessing = 0;
		};
		2C33E95E2AB79234000959ED /* Sources */ = {
			isa = PBXSourcesBuildPhase;
			buildActionMask = 2147483647;
			files = (
				2C33E9692AB79234000959ED /* Pleny_TaskUITestsLaunchTests.swift in Sources */,
				2C33E9672AB79234000959ED /* Pleny_TaskUITests.swift in Sources */,
			);
			runOnlyForDeploymentPostprocessing = 0;
		};
/* End PBXSourcesBuildPhase section */

/* Begin PBXTargetDependency section */
		2C33E95A2AB79234000959ED /* PBXTargetDependency */ = {
			isa = PBXTargetDependency;
			target = 2C33E9472AB79232000959ED /* Pleny-Task */;
			targetProxy = 2C33E9592AB79234000959ED /* PBXContainerItemProxy */;
		};
		2C33E9642AB79234000959ED /* PBXTargetDependency */ = {
			isa = PBXTargetDependency;
			target = 2C33E9472AB79232000959ED /* Pleny-Task */;
			targetProxy = 2C33E9632AB79234000959ED /* PBXContainerItemProxy */;
		};
/* End PBXTargetDependency section */

/* Begin XCBuildConfiguration section */
		2C33E96A2AB79234000959ED /* Debug */ = {
			isa = XCBuildConfiguration;
			buildSettings = {
				ALWAYS_SEARCH_USER_PATHS = NO;
				CLANG_ANALYZER_NONNULL = YES;
				CLANG_ANALYZER_NUMBER_OBJECT_CONVERSION = YES_AGGRESSIVE;
				CLANG_CXX_LANGUAGE_STANDARD = "gnu++20";
				CLANG_ENABLE_MODULES = YES;
				CLANG_ENABLE_OBJC_ARC = YES;
				CLANG_ENABLE_OBJC_WEAK = YES;
				CLANG_WARN_BLOCK_CAPTURE_AUTORELEASING = YES;
				CLANG_WARN_BOOL_CONVERSION = YES;
				CLANG_WARN_COMMA = YES;
				CLANG_WARN_CONSTANT_CONVERSION = YES;
				CLANG_WARN_DEPRECATED_OBJC_IMPLEMENTATIONS = YES;
				CLANG_WARN_DIRECT_OBJC_ISA_USAGE = YES_ERROR;
				CLANG_WARN_DOCUMENTATION_COMMENTS = YES;
				CLANG_WARN_EMPTY_BODY = YES;
				CLANG_WARN_ENUM_CONVERSION = YES;
				CLANG_WARN_INFINITE_RECURSION = YES;
				CLANG_WARN_INT_CONVERSION = YES;
				CLANG_WARN_NON_LITERAL_NULL_CONVERSION = YES;
				CLANG_WARN_OBJC_IMPLICIT_RETAIN_SELF = YES;
				CLANG_WARN_OBJC_LITERAL_CONVERSION = YES;
				CLANG_WARN_OBJC_ROOT_CLASS = YES_ERROR;
				CLANG_WARN_QUOTED_INCLUDE_IN_FRAMEWORK_HEADER = YES;
				CLANG_WARN_RANGE_LOOP_ANALYSIS = YES;
				CLANG_WARN_STRICT_PROTOTYPES = YES;
				CLANG_WARN_SUSPICIOUS_MOVE = YES;
				CLANG_WARN_UNGUARDED_AVAILABILITY = YES_AGGRESSIVE;
				CLANG_WARN_UNREACHABLE_CODE = YES;
				CLANG_WARN__DUPLICATE_METHOD_MATCH = YES;
				COPY_PHASE_STRIP = NO;
				DEBUG_INFORMATION_FORMAT = dwarf;
				ENABLE_STRICT_OBJC_MSGSEND = YES;
				ENABLE_TESTABILITY = YES;
				GCC_C_LANGUAGE_STANDARD = gnu11;
				GCC_DYNAMIC_NO_PIC = NO;
				GCC_NO_COMMON_BLOCKS = YES;
				GCC_OPTIMIZATION_LEVEL = 0;
				GCC_PREPROCESSOR_DEFINITIONS = (
					"DEBUG=1",
					"$(inherited)",
				);
				GCC_WARN_64_TO_32_BIT_CONVERSION = YES;
				GCC_WARN_ABOUT_RETURN_TYPE = YES_ERROR;
				GCC_WARN_UNDECLARED_SELECTOR = YES;
				GCC_WARN_UNINITIALIZED_AUTOS = YES_AGGRESSIVE;
				GCC_WARN_UNUSED_FUNCTION = YES;
				GCC_WARN_UNUSED_VARIABLE = YES;
				IPHONEOS_DEPLOYMENT_TARGET = 16.4;
				MTL_ENABLE_DEBUG_INFO = INCLUDE_SOURCE;
				MTL_FAST_MATH = YES;
				ONLY_ACTIVE_ARCH = YES;
				SDKROOT = iphoneos;
				SWIFT_ACTIVE_COMPILATION_CONDITIONS = DEBUG;
				SWIFT_OPTIMIZATION_LEVEL = "-Onone";
			};
			name = Debug;
		};
		2C33E96B2AB79234000959ED /* Release */ = {
			isa = XCBuildConfiguration;
			buildSettings = {
				ALWAYS_SEARCH_USER_PATHS = NO;
				CLANG_ANALYZER_NONNULL = YES;
				CLANG_ANALYZER_NUMBER_OBJECT_CONVERSION = YES_AGGRESSIVE;
				CLANG_CXX_LANGUAGE_STANDARD = "gnu++20";
				CLANG_ENABLE_MODULES = YES;
				CLANG_ENABLE_OBJC_ARC = YES;
				CLANG_ENABLE_OBJC_WEAK = YES;
				CLANG_WARN_BLOCK_CAPTURE_AUTORELEASING = YES;
				CLANG_WARN_BOOL_CONVERSION = YES;
				CLANG_WARN_COMMA = YES;
				CLANG_WARN_CONSTANT_CONVERSION = YES;
				CLANG_WARN_DEPRECATED_OBJC_IMPLEMENTATIONS = YES;
				CLANG_WARN_DIRECT_OBJC_ISA_USAGE = YES_ERROR;
				CLANG_WARN_DOCUMENTATION_COMMENTS = YES;
				CLANG_WARN_EMPTY_BODY = YES;
				CLANG_WARN_ENUM_CONVERSION = YES;
				CLANG_WARN_INFINITE_RECURSION = YES;
				CLANG_WARN_INT_CONVERSION = YES;
				CLANG_WARN_NON_LITERAL_NULL_CONVERSION = YES;
				CLANG_WARN_OBJC_IMPLICIT_RETAIN_SELF = YES;
				CLANG_WARN_OBJC_LITERAL_CONVERSION = YES;
				CLANG_WARN_OBJC_ROOT_CLASS = YES_ERROR;
				CLANG_WARN_QUOTED_INCLUDE_IN_FRAMEWORK_HEADER = YES;
				CLANG_WARN_RANGE_LOOP_ANALYSIS = YES;
				CLANG_WARN_STRICT_PROTOTYPES = YES;
				CLANG_WARN_SUSPICIOUS_MOVE = YES;
				CLANG_WARN_UNGUARDED_AVAILABILITY = YES_AGGRESSIVE;
				CLANG_WARN_UNREACHABLE_CODE = YES;
				CLANG_WARN__DUPLICATE_METHOD_MATCH = YES;
				COPY_PHASE_STRIP = NO;
				DEBUG_INFORMATION_FORMAT = "dwarf-with-dsym";
				ENABLE_NS_ASSERTIONS = NO;
				ENABLE_STRICT_OBJC_MSGSEND = YES;
				GCC_C_LANGUAGE_STANDARD = gnu11;
				GCC_NO_COMMON_BLOCKS = YES;
				GCC_WARN_64_TO_32_BIT_CONVERSION = YES;
				GCC_WARN_ABOUT_RETURN_TYPE = YES_ERROR;
				GCC_WARN_UNDECLARED_SELECTOR = YES;
				GCC_WARN_UNINITIALIZED_AUTOS = YES_AGGRESSIVE;
				GCC_WARN_UNUSED_FUNCTION = YES;
				GCC_WARN_UNUSED_VARIABLE = YES;
				IPHONEOS_DEPLOYMENT_TARGET = 16.4;
				MTL_ENABLE_DEBUG_INFO = NO;
				MTL_FAST_MATH = YES;
				SDKROOT = iphoneos;
				SWIFT_COMPILATION_MODE = wholemodule;
				SWIFT_OPTIMIZATION_LEVEL = "-O";
				VALIDATE_PRODUCT = YES;
			};
			name = Release;
		};
		2C33E96D2AB79234000959ED /* Debug */ = {
			isa = XCBuildConfiguration;
			buildSettings = {
				ASSETCATALOG_COMPILER_APPICON_NAME = AppIcon;
				ASSETCATALOG_COMPILER_GLOBAL_ACCENT_COLOR_NAME = AccentColor;
				CODE_SIGN_STYLE = Automatic;
				CURRENT_PROJECT_VERSION = 1;
				DEVELOPMENT_ASSET_PATHS = "\"Pleny-Task/Preview Content\"";
				ENABLE_PREVIEWS = YES;
				GENERATE_INFOPLIST_FILE = YES;
				INFOPLIST_KEY_UIApplicationSceneManifest_Generation = YES;
				INFOPLIST_KEY_UIApplicationSupportsIndirectInputEvents = YES;
				INFOPLIST_KEY_UILaunchScreen_Generation = YES;
				INFOPLIST_KEY_UISupportedInterfaceOrientations_iPad = "UIInterfaceOrientationPortrait UIInterfaceOrientationPortraitUpsideDown UIInterfaceOrientationLandscapeLeft UIInterfaceOrientationLandscapeRight";
				INFOPLIST_KEY_UISupportedInterfaceOrientations_iPhone = "UIInterfaceOrientationPortrait UIInterfaceOrientationLandscapeLeft UIInterfaceOrientationLandscapeRight";
				LD_RUNPATH_SEARCH_PATHS = (
					"$(inherited)",
					"@executable_path/Frameworks",
				);
				MARKETING_VERSION = 1.0;
				PRODUCT_BUNDLE_IDENTIFIER = "com.Pleny.Task.Pleny-Task";
				PRODUCT_NAME = "$(TARGET_NAME)";
				SWIFT_EMIT_LOC_STRINGS = YES;
				SWIFT_VERSION = 5.0;
				TARGETED_DEVICE_FAMILY = "1,2";
			};
			name = Debug;
		};
		2C33E96E2AB79234000959ED /* Release */ = {
			isa = XCBuildConfiguration;
			buildSettings = {
				ASSETCATALOG_COMPILER_APPICON_NAME = AppIcon;
				ASSETCATALOG_COMPILER_GLOBAL_ACCENT_COLOR_NAME = AccentColor;
				CODE_SIGN_STYLE = Automatic;
				CURRENT_PROJECT_VERSION = 1;
				DEVELOPMENT_ASSET_PATHS = "\"Pleny-Task/Preview Content\"";
				ENABLE_PREVIEWS = YES;
				GENERATE_INFOPLIST_FILE = YES;
				INFOPLIST_KEY_UIApplicationSceneManifest_Generation = YES;
				INFOPLIST_KEY_UIApplicationSupportsIndirectInputEvents = YES;
				INFOPLIST_KEY_UILaunchScreen_Generation = YES;
				INFOPLIST_KEY_UISupportedInterfaceOrientations_iPad = "UIInterfaceOrientationPortrait UIInterfaceOrientationPortraitUpsideDown UIInterfaceOrientationLandscapeLeft UIInterfaceOrientationLandscapeRight";
				INFOPLIST_KEY_UISupportedInterfaceOrientations_iPhone = "UIInterfaceOrientationPortrait UIInterfaceOrientationLandscapeLeft UIInterfaceOrientationLandscapeRight";
				LD_RUNPATH_SEARCH_PATHS = (
					"$(inherited)",
					"@executable_path/Frameworks",
				);
				MARKETING_VERSION = 1.0;
				PRODUCT_BUNDLE_IDENTIFIER = "com.Pleny.Task.Pleny-Task";
				PRODUCT_NAME = "$(TARGET_NAME)";
				SWIFT_EMIT_LOC_STRINGS = YES;
				SWIFT_VERSION = 5.0;
				TARGETED_DEVICE_FAMILY = "1,2";
			};
			name = Release;
		};
		2C33E9702AB79234000959ED /* Debug */ = {
			isa = XCBuildConfiguration;
			buildSettings = {
				ALWAYS_EMBED_SWIFT_STANDARD_LIBRARIES = YES;
				BUNDLE_LOADER = "$(TEST_HOST)";
				CODE_SIGN_STYLE = Automatic;
				CURRENT_PROJECT_VERSION = 1;
				GENERATE_INFOPLIST_FILE = YES;
				IPHONEOS_DEPLOYMENT_TARGET = 16.4;
				MARKETING_VERSION = 1.0;
				PRODUCT_BUNDLE_IDENTIFIER = "com.Pleny.Task.Pleny-TaskTests";
				PRODUCT_NAME = "$(TARGET_NAME)";
				SWIFT_EMIT_LOC_STRINGS = NO;
				SWIFT_VERSION = 5.0;
				TARGETED_DEVICE_FAMILY = "1,2";
				TEST_HOST = "$(BUILT_PRODUCTS_DIR)/Pleny-Task.app/$(BUNDLE_EXECUTABLE_FOLDER_PATH)/Pleny-Task";
			};
			name = Debug;
		};
		2C33E9712AB79234000959ED /* Release */ = {
			isa = XCBuildConfiguration;
			buildSettings = {
				ALWAYS_EMBED_SWIFT_STANDARD_LIBRARIES = YES;
				BUNDLE_LOADER = "$(TEST_HOST)";
				CODE_SIGN_STYLE = Automatic;
				CURRENT_PROJECT_VERSION = 1;
				GENERATE_INFOPLIST_FILE = YES;
				IPHONEOS_DEPLOYMENT_TARGET = 16.4;
				MARKETING_VERSION = 1.0;
				PRODUCT_BUNDLE_IDENTIFIER = "com.Pleny.Task.Pleny-TaskTests";
				PRODUCT_NAME = "$(TARGET_NAME)";
				SWIFT_EMIT_LOC_STRINGS = NO;
				SWIFT_VERSION = 5.0;
				TARGETED_DEVICE_FAMILY = "1,2";
				TEST_HOST = "$(BUILT_PRODUCTS_DIR)/Pleny-Task.app/$(BUNDLE_EXECUTABLE_FOLDER_PATH)/Pleny-Task";
			};
			name = Release;
		};
		2C33E9732AB79234000959ED /* Debug */ = {
			isa = XCBuildConfiguration;
			buildSettings = {
				ALWAYS_EMBED_SWIFT_STANDARD_LIBRARIES = YES;
				CODE_SIGN_STYLE = Automatic;
				CURRENT_PROJECT_VERSION = 1;
				GENERATE_INFOPLIST_FILE = YES;
				MARKETING_VERSION = 1.0;
				PRODUCT_BUNDLE_IDENTIFIER = "com.Pleny.Task.Pleny-TaskUITests";
				PRODUCT_NAME = "$(TARGET_NAME)";
				SWIFT_EMIT_LOC_STRINGS = NO;
				SWIFT_VERSION = 5.0;
				TARGETED_DEVICE_FAMILY = "1,2";
				TEST_TARGET_NAME = "Pleny-Task";
			};
			name = Debug;
		};
		2C33E9742AB79234000959ED /* Release */ = {
			isa = XCBuildConfiguration;
			buildSettings = {
				ALWAYS_EMBED_SWIFT_STANDARD_LIBRARIES = YES;
				CODE_SIGN_STYLE = Automatic;
				CURRENT_PROJECT_VERSION = 1;
				GENERATE_INFOPLIST_FILE = YES;
				MARKETING_VERSION = 1.0;
				PRODUCT_BUNDLE_IDENTIFIER = "com.Pleny.Task.Pleny-TaskUITests";
				PRODUCT_NAME = "$(TARGET_NAME)";
				SWIFT_EMIT_LOC_STRINGS = NO;
				SWIFT_VERSION = 5.0;
				TARGETED_DEVICE_FAMILY = "1,2";
				TEST_TARGET_NAME = "Pleny-Task";
			};
			name = Release;
		};
/* End XCBuildConfiguration section */

/* Begin XCConfigurationList section */
		2C33E9432AB79232000959ED /* Build configuration list for PBXProject "Pleny-Task" */ = {
			isa = XCConfigurationList;
			buildConfigurations = (
				2C33E96A2AB79234000959ED /* Debug */,
				2C33E96B2AB79234000959ED /* Release */,
			);
			defaultConfigurationIsVisible = 0;
			defaultConfigurationName = Release;
		};
		2C33E96C2AB79234000959ED /* Build configuration list for PBXNativeTarget "Pleny-Task" */ = {
			isa = XCConfigurationList;
			buildConfigurations = (
				2C33E96D2AB79234000959ED /* Debug */,
				2C33E96E2AB79234000959ED /* Release */,
			);
			defaultConfigurationIsVisible = 0;
			defaultConfigurationName = Release;
		};
		2C33E96F2AB79234000959ED /* Build configuration list for PBXNativeTarget "Pleny-TaskTests" */ = {
			isa = XCConfigurationList;
			buildConfigurations = (
				2C33E9702AB79234000959ED /* Debug */,
				2C33E9712AB79234000959ED /* Release */,
			);
			defaultConfigurationIsVisible = 0;
			defaultConfigurationName = Release;
		};
		2C33E9722AB79234000959ED /* Build configuration list for PBXNativeTarget "Pleny-TaskUITests" */ = {
			isa = XCConfigurationList;
			buildConfigurations = (
				2C33E9732AB79234000959ED /* Debug */,
				2C33E9742AB79234000959ED /* Release */,
			);
			defaultConfigurationIsVisible = 0;
			defaultConfigurationName = Release;
		};
/* End XCConfigurationList section */
	};
	rootObject = 2C33E9402AB79232000959ED /* Project object */;
}
