{
  "pins" : [
    {
      "identity" : "loaderui",
      "kind" : "remoteSourceControl",
      "location" : "https://github.com/ninjaprox/LoaderUI",
      "state" : {
        "revision" : "90ca7c0f9086d48c37057d7b71a1b1332d5c58e4",
        "version" : "0.1.0"
      }
    },
    {
      "identity" : "swiftmessages",
      "kind" : "remoteSourceControl",
      "location" : "https://github.com/SwiftKickMobile/SwiftMessages",
      "state" : {
        "revision" : "b29dd21090b708aa0ae9ecbaf6e2d0487028dc3f",
        "version" : "9.0.6"
      }
    }
  ],
  "version" : 2
}
